
Microsoft Visual Studio Solution File, Format Version 12.00
# Visual Studio Version 16
VisualStudioVersion = 16.0.30804.86
MinimumVisualStudioVersion = 10.0.40219.1
Project("{FAE04EC0-301F-11D3-BF4B-00C04F79EFBC}") = "MyBlog", "MyBlog\MyBlog.csproj", "{5A9C0B9C-AC96-4A41-B5A3-2382357091C5}"
EndProject
Global
	GlobalSection(SolutionConfigurationPlatforms) = preSolution
		Debug|Any CPU = Debug|Any CPU
		Release|Any CPU = Release|Any CPU
	EndGlobalSection
	GlobalSection(ProjectConfigurationPlatforms) = postSolution
		{5A9C0B9C-AC96-4A41-B5A3-2382357091C5}.Debug|Any CPU.ActiveCfg = Debug|Any CPU
		{5A9C0B9C-AC96-4A41-B5A3-2382357091C5}.Debug|Any CPU.Build.0 = Debug|Any CPU
		{5A9C0B9C-AC96-4A41-B5A3-2382357091C5}.Release|Any CPU.ActiveCfg = Release|Any CPU
		{5A9C0B9C-AC96-4A41-B5A3-2382357091C5}.Release|Any CPU.Build.0 = Release|Any CPU
	EndGlobalSection
	GlobalSection(SolutionProperties) = preSolution
		HideSolutionNode = FALSE
	EndGlobalSection
	GlobalSection(ExtensibilityGlobals) = postSolution
		SolutionGuid = {E38343B3-7198-4FD7-82A8-258242550456}
	EndGlobalSection
EndGlobal
